
Microsoft Visual Studio Solution File, Format Version 12.00
# Visual Studio Version 17
VisualStudioVersion = 17.13.35806.99 d17.13
MinimumVisualStudioVersion = 10.0.40219.1
Project("{FAE04EC0-301F-11D3-BF4B-00C04F79EFBC}") = "ECommerce.Domain", "ECommerce.Domain\ECommerce.Domain.csproj", "{3F51E1AF-42E6-4CDC-8C2E-0B721F653D13}"
EndProject
Project("{FAE04EC0-301F-11D3-BF4B-00C04F79EFBC}") = "ECommerce.Shared", "ECommerce.Shared\ECommerce.Shared.csproj", "{6732C69C-8F84-4D6E-A761-2543FA965FC9}"
EndProject
Project("{FAE04EC0-301F-11D3-BF4B-00C04F79EFBC}") = "ECommerce.Application", "ECommerce.Application\ECommerce.Application.csproj", "{9B8DF06A-7663-4767-9988-C318350EEB32}"
EndProject
Project("{FAE04EC0-301F-11D3-BF4B-00C04F79EFBC}") = "ECommerce.Infrastructure", "ECommerce.Infrastructure\ECommerce.Infrastructure.csproj", "{638D8D7B-7AD2-4FDF-9D6B-95BDE9FBC380}"
EndProject
Project("{FAE04EC0-301F-11D3-BF4B-00C04F79EFBC}") = "ECommerce.Web", "ECommerce.Web\ECommerce.Web.csproj", "{5EDE28F2-963A-432C-94A4-9C89C5D013B1}"
EndProject
Global
	GlobalSection(SolutionConfigurationPlatforms) = preSolution
		Debug|Any CPU = Debug|Any CPU
		Release|Any CPU = Release|Any CPU
	EndGlobalSection
	GlobalSection(ProjectConfigurationPlatforms) = postSolution
		{3F51E1AF-42E6-4CDC-8C2E-0B721F653D13}.Debug|Any CPU.ActiveCfg = Debug|Any CPU
		{3F51E1AF-42E6-4CDC-8C2E-0B721F653D13}.Debug|Any CPU.Build.0 = Debug|Any CPU
		{3F51E1AF-42E6-4CDC-8C2E-0B721F653D13}.Release|Any CPU.ActiveCfg = Release|Any CPU
		{3F51E1AF-42E6-4CDC-8C2E-0B721F653D13}.Release|Any CPU.Build.0 = Release|Any CPU
		{6732C69C-8F84-4D6E-A761-2543FA965FC9}.Debug|Any CPU.ActiveCfg = Debug|Any CPU
		{6732C69C-8F84-4D6E-A761-2543FA965FC9}.Debug|Any CPU.Build.0 = Debug|Any CPU
		{6732C69C-8F84-4D6E-A761-2543FA965FC9}.Release|Any CPU.ActiveCfg = Release|Any CPU
		{6732C69C-8F84-4D6E-A761-2543FA965FC9}.Release|Any CPU.Build.0 = Release|Any CPU
		{9B8DF06A-7663-4767-9988-C318350EEB32}.Debug|Any CPU.ActiveCfg = Debug|Any CPU
		{9B8DF06A-7663-4767-9988-C318350EEB32}.Debug|Any CPU.Build.0 = Debug|Any CPU
		{9B8DF06A-7663-4767-9988-C318350EEB32}.Release|Any CPU.ActiveCfg = Release|Any CPU
		{9B8DF06A-7663-4767-9988-C318350EEB32}.Release|Any CPU.Build.0 = Release|Any CPU
		{638D8D7B-7AD2-4FDF-9D6B-95BDE9FBC380}.Debug|Any CPU.ActiveCfg = Debug|Any CPU
		{638D8D7B-7AD2-4FDF-9D6B-95BDE9FBC380}.Debug|Any CPU.Build.0 = Debug|Any CPU
		{638D8D7B-7AD2-4FDF-9D6B-95BDE9FBC380}.Release|Any CPU.ActiveCfg = Release|Any CPU
		{638D8D7B-7AD2-4FDF-9D6B-95BDE9FBC380}.Release|Any CPU.Build.0 = Release|Any CPU
		{5EDE28F2-963A-432C-94A4-9C89C5D013B1}.Debug|Any CPU.ActiveCfg = Debug|Any CPU
		{5EDE28F2-963A-432C-94A4-9C89C5D013B1}.Debug|Any CPU.Build.0 = Debug|Any CPU
		{5EDE28F2-963A-432C-94A4-9C89C5D013B1}.Release|Any CPU.ActiveCfg = Release|Any CPU
		{5EDE28F2-963A-432C-94A4-9C89C5D013B1}.Release|Any CPU.Build.0 = Release|Any CPU
	EndGlobalSection
	GlobalSection(SolutionProperties) = preSolution
		HideSolutionNode = FALSE
	EndGlobalSection
	GlobalSection(ExtensibilityGlobals) = postSolution
		SolutionGuid = {667AAB46-5305-47E8-9DEF-89043461CAF8}
	EndGlobalSection
EndGlobal
